
Microsoft Visual Studio Solution File, Format Version 12.00
# Visual Studio 14
VisualStudioVersion = 14.0.24720.0
MinimumVisualStudioVersion = 10.0.40219.1
Project("{2150E333-8FDC-42A3-9474-1A3956D46DE8}") = "src", "src", "{80D2A0A8-5418-45B2-BC70-E2F94E6482B7}"
EndProject
Project("{2150E333-8FDC-42A3-9474-1A3956D46DE8}") = "Solution Items", "Solution Items", "{D9AD5843-A43E-4AC3-8D5B-0AFA700E61D9}"
	ProjectSection(SolutionItems) = preProject
		global.json = global.json
	EndProjectSection
EndProject
Project("{8BB2217D-0F2D-49D1-97BC-3654ED321F3B}") = "AspNetCoreTipsAndTricksSample", "src\AspNetCoreTipsAndTricksSample\AspNetCoreTipsAndTricksSample.xproj", "{6CDFDE54-F338-4A5B-A543-141C253A41AD}"
EndProject
Global
	GlobalSection(SolutionConfigurationPlatforms) = preSolution
		Debug|Any CPU = Debug|Any CPU
		Release|Any CPU = Release|Any CPU
	EndGlobalSection
	GlobalSection(ProjectConfigurationPlatforms) = postSolution
		{6CDFDE54-F338-4A5B-A543-141C253A41AD}.Debug|Any CPU.ActiveCfg = Debug|Any CPU
		{6CDFDE54-F338-4A5B-A543-141C253A41AD}.Debug|Any CPU.Build.0 = Debug|Any CPU
		{6CDFDE54-F338-4A5B-A543-141C253A41AD}.Release|Any CPU.ActiveCfg = Release|Any CPU
		{6CDFDE54-F338-4A5B-A543-141C253A41AD}.Release|Any CPU.Build.0 = Release|Any CPU
	EndGlobalSection
	GlobalSection(SolutionProperties) = preSolution
		HideSolutionNode = FALSE
	EndGlobalSection
	GlobalSection(NestedProjects) = preSolution
		{6CDFDE54-F338-4A5B-A543-141C253A41AD} = {80D2A0A8-5418-45B2-BC70-E2F94E6482B7}
	EndGlobalSection
EndGlobal
